
Microsoft Visual Studio Solution File, Format Version 12.00
# Visual Studio Version 17
VisualStudioVersion = 17.0.31903.59
MinimumVisualStudioVersion = 10.0.40219.1
Project("{FAE04EC0-301F-11D3-BF4B-00C04F79EFBC}") = "CachingProxyServer", "CachingProxyServer\CachingProxyServer.csproj", "{404B7B72-2ABE-4C3D-B151-6BDE0776A8D5}"
EndProject
Project("{FAE04EC0-301F-11D3-BF4B-00C04F79EFBC}") = "CachingProxyCLI", "CachingProxyCLI\CachingProxyCLI.csproj", "{FB88EAB4-946B-4C90-B78F-623DFD46B2A0}"
EndProject
Global
	GlobalSection(SolutionConfigurationPlatforms) = preSolution
		Debug|Any CPU = Debug|Any CPU
		Release|Any CPU = Release|Any CPU
	EndGlobalSection
	GlobalSection(SolutionProperties) = preSolution
		HideSolutionNode = FALSE
	EndGlobalSection
	GlobalSection(ProjectConfigurationPlatforms) = postSolution
		{404B7B72-2ABE-4C3D-B151-6BDE0776A8D5}.Debug|Any CPU.ActiveCfg = Debug|Any CPU
		{404B7B72-2ABE-4C3D-B151-6BDE0776A8D5}.Debug|Any CPU.Build.0 = Debug|Any CPU
		{404B7B72-2ABE-4C3D-B151-6BDE0776A8D5}.Release|Any CPU.ActiveCfg = Release|Any CPU
		{404B7B72-2ABE-4C3D-B151-6BDE0776A8D5}.Release|Any CPU.Build.0 = Release|Any CPU
		{FB88EAB4-946B-4C90-B78F-623DFD46B2A0}.Debug|Any CPU.ActiveCfg = Debug|Any CPU
		{FB88EAB4-946B-4C90-B78F-623DFD46B2A0}.Debug|Any CPU.Build.0 = Debug|Any CPU
		{FB88EAB4-946B-4C90-B78F-623DFD46B2A0}.Release|Any CPU.ActiveCfg = Release|Any CPU
		{FB88EAB4-946B-4C90-B78F-623DFD46B2A0}.Release|Any CPU.Build.0 = Release|Any CPU
		{96FBFF60-38FD-4320-95A1-691225C0BFB5}.Debug|Any CPU.ActiveCfg = Debug|Any CPU
		{96FBFF60-38FD-4320-95A1-691225C0BFB5}.Debug|Any CPU.Build.0 = Debug|Any CPU
		{96FBFF60-38FD-4320-95A1-691225C0BFB5}.Release|Any CPU.ActiveCfg = Release|Any CPU
		{96FBFF60-38FD-4320-95A1-691225C0BFB5}.Release|Any CPU.Build.0 = Release|Any CPU
	EndGlobalSection
EndGlobal
